
Microsoft Visual Studio Solution File, Format Version 12.00
# Visual Studio 15
VisualStudioVersion = 15.0.28307.757
MinimumVisualStudioVersion = 10.0.40219.1
Project("{FAE04EC0-301F-11D3-BF4B-00C04F79EFBC}") = "SignalRChat", "SignalRChat\SignalRChat.csproj", "{F0B91559-3E73-45BE-B938-9F35CE4C1DDD}"
EndProject
Global
	GlobalSection(SolutionConfigurationPlatforms) = preSolution
		Debug|Any CPU = Debug|Any CPU
		Release|Any CPU = Release|Any CPU
	EndGlobalSection
	GlobalSection(ProjectConfigurationPlatforms) = postSolution
		{F0B91559-3E73-45BE-B938-9F35CE4C1DDD}.Debug|Any CPU.ActiveCfg = Debug|Any CPU
		{F0B91559-3E73-45BE-B938-9F35CE4C1DDD}.Debug|Any CPU.Build.0 = Debug|Any CPU
		{F0B91559-3E73-45BE-B938-9F35CE4C1DDD}.Release|Any CPU.ActiveCfg = Release|Any CPU
		{F0B91559-3E73-45BE-B938-9F35CE4C1DDD}.Release|Any CPU.Build.0 = Release|Any CPU
	EndGlobalSection
	GlobalSection(SolutionProperties) = preSolution
		HideSolutionNode = FALSE
	EndGlobalSection
	GlobalSection(ExtensibilityGlobals) = postSolution
		SolutionGuid = {C04CFA10-9A3B-4C33-8930-3BFAF2B8F3E9}
	EndGlobalSection
EndGlobal
